
Microsoft Visual Studio Solution File, Format Version 12.00
# Visual Studio Version 16
VisualStudioVersion = 16.0.29728.190
MinimumVisualStudioVersion = 10.0.40219.1
Project("{8BC9CEB8-8B4A-11D0-8D11-00A0C91BC942}") = "Common", "Common\Common.vcxproj", "{164A7B4E-9E30-4F0F-942D-A96BBE03FE40}"
EndProject
Project("{8BC9CEB8-8B4A-11D0-8D11-00A0C91BC942}") = "Chapter1", "Chapter1\Chapter1.vcxproj", "{5E4AB16D-61A1-4AB7-9EA2-22927F1770FC}"
EndProject
Project("{8BC9CEB8-8B4A-11D0-8D11-00A0C91BC942}") = "Chapter2", "Chapter2\Chapter2.vcxproj", "{F96CC9F0-A022-46F6-8842-392077049629}"
EndProject
Global
	GlobalSection(SolutionConfigurationPlatforms) = preSolution
		Debug|x64 = Debug|x64
		Debug|x86 = Debug|x86
		Release|x64 = Release|x64
		Release|x86 = Release|x86
	EndGlobalSection
	GlobalSection(ProjectConfigurationPlatforms) = postSolution
		{164A7B4E-9E30-4F0F-942D-A96BBE03FE40}.Debug|x64.ActiveCfg = Debug|x64
		{164A7B4E-9E30-4F0F-942D-A96BBE03FE40}.Debug|x64.Build.0 = Debug|x64
		{164A7B4E-9E30-4F0F-942D-A96BBE03FE40}.Debug|x86.ActiveCfg = Debug|Win32
		{164A7B4E-9E30-4F0F-942D-A96BBE03FE40}.Debug|x86.Build.0 = Debug|Win32
		{164A7B4E-9E30-4F0F-942D-A96BBE03FE40}.Release|x64.ActiveCfg = Release|x64
		{164A7B4E-9E30-4F0F-942D-A96BBE03FE40}.Release|x64.Build.0 = Release|x64
		{164A7B4E-9E30-4F0F-942D-A96BBE03FE40}.Release|x86.ActiveCfg = Release|Win32
		{164A7B4E-9E30-4F0F-942D-A96BBE03FE40}.Release|x86.Build.0 = Release|Win32
		{5E4AB16D-61A1-4AB7-9EA2-22927F1770FC}.Debug|x64.ActiveCfg = Debug|x64
		{5E4AB16D-61A1-4AB7-9EA2-22927F1770FC}.Debug|x64.Build.0 = Debug|x64
		{5E4AB16D-61A1-4AB7-9EA2-22927F1770FC}.Debug|x86.ActiveCfg = Debug|Win32
		{5E4AB16D-61A1-4AB7-9EA2-22927F1770FC}.Debug|x86.Build.0 = Debug|Win32
		{5E4AB16D-61A1-4AB7-9EA2-22927F1770FC}.Release|x64.ActiveCfg = Release|x64
		{5E4AB16D-61A1-4AB7-9EA2-22927F1770FC}.Release|x64.Build.0 = Release|x64
		{5E4AB16D-61A1-4AB7-9EA2-22927F1770FC}.Release|x86.ActiveCfg = Release|Win32
		{5E4AB16D-61A1-4AB7-9EA2-22927F1770FC}.Release|x86.Build.0 = Release|Win32
		{F96CC9F0-A022-46F6-8842-392077049629}.Debug|x64.ActiveCfg = Debug|x64
		{F96CC9F0-A022-46F6-8842-392077049629}.Debug|x64.Build.0 = Debug|x64
		{F96CC9F0-A022-46F6-8842-392077049629}.Debug|x86.ActiveCfg = Debug|Win32
		{F96CC9F0-A022-46F6-8842-392077049629}.Debug|x86.Build.0 = Debug|Win32
		{F96CC9F0-A022-46F6-8842-392077049629}.Release|x64.ActiveCfg = Release|x64
		{F96CC9F0-A022-46F6-8842-392077049629}.Release|x64.Build.0 = Release|x64
		{F96CC9F0-A022-46F6-8842-392077049629}.Release|x86.ActiveCfg = Release|Win32
		{F96CC9F0-A022-46F6-8842-392077049629}.Release|x86.Build.0 = Release|Win32
	EndGlobalSection
	GlobalSection(SolutionProperties) = preSolution
		HideSolutionNode = FALSE
	EndGlobalSection
	GlobalSection(ExtensibilityGlobals) = postSolution
		SolutionGuid = {9A8B5773-48C0-4B3B-B4CC-8A669C04664A}
	EndGlobalSection
EndGlobal
